
Microsoft Visual Studio Solution File, Format Version 12.00
# Visual Studio 15
Project("{FAE04EC0-301F-11D3-BF4B-00C04F79EFBC}") = "MarcheAléatoire", "MarcheAléatoire\MarcheAléatoire.csproj", "{76A2B080-FC84-4D58-B049-F95D0ED6E42B}"
EndProject
Global
	GlobalSection(SolutionConfigurationPlatforms) = preSolution
		Debug|Any CPU = Debug|Any CPU
		Release|Any CPU = Release|Any CPU
	EndGlobalSection
	GlobalSection(ProjectConfigurationPlatforms) = postSolution
		{76A2B080-FC84-4D58-B049-F95D0ED6E42B}.Debug|Any CPU.ActiveCfg = Debug|Any CPU
		{76A2B080-FC84-4D58-B049-F95D0ED6E42B}.Debug|Any CPU.Build.0 = Debug|Any CPU
		{76A2B080-FC84-4D58-B049-F95D0ED6E42B}.Release|Any CPU.ActiveCfg = Release|Any CPU
		{76A2B080-FC84-4D58-B049-F95D0ED6E42B}.Release|Any CPU.Build.0 = Release|Any CPU
	EndGlobalSection
EndGlobal
